Microsoft Visual Studio Solution File, Format Version 12.00
# Visual Studio Version 17
VisualStudioVersion = 17.7.34003.232
MinimumVisualStudioVersion = 10.0.40219.1
Project("{8BC9CEB8-8B4A-11D0-8D11-00A0C91BC942}") = "gmp", "vs-projects\gmp\gmp.vcxproj", "{E1098600-24D8-4FA1-A781-94FAB06E9940}"
EndProject
Project("{8BC9CEB8-8B4A-11D0-8D11-00A0C91BC942}") = "gmpxx", "vs-projects\gmpxx\gmpxx.vcxproj", "{6CD02F5B-7F94-4023-BFBC-335BAD3BE271}"
EndProject
Project("{8BC9CEB8-8B4A-11D0-8D11-00A0C91BC942}") = "gmp-test", "vs-projects\gmp-test\gmp-test.vcxproj", "{F600D5F8-02DC-4232-A1DC-D95278E23FA0}"
EndProject
Global
	GlobalSection(SolutionConfigurationPlatforms) = preSolution
		Debug dll|Win32 = Debug dll|Win32
		Debug dll|x64 = Debug dll|x64
		Debug dll|x86 = Debug dll|x86
		Debug lib|Win32 = Debug lib|Win32
		Debug lib|x64 = Debug lib|x64
		Debug lib|x86 = Debug lib|x86
		Release dll|Win32 = Release dll|Win32
		Release dll|x64 = Release dll|x64
		Release dll|x86 = Release dll|x86
		Release lib|Win32 = Release lib|Win32
		Release lib|x64 = Release lib|x64
		Release lib|x86 = Release lib|x86
	EndGlobalSection
	GlobalSection(ProjectConfigurationPlatforms) = postSolution
		{E1098600-24D8-4FA1-A781-94FAB06E9940}.Debug dll|Win32.ActiveCfg = Debug dll|Win32
		{E1098600-24D8-4FA1-A781-94FAB06E9940}.Debug dll|Win32.Build.0 = Debug dll|Win32
		{E1098600-24D8-4FA1-A781-94FAB06E9940}.Debug dll|x64.ActiveCfg = Debug dll|x64
		{E1098600-24D8-4FA1-A781-94FAB06E9940}.Debug dll|x64.Build.0 = Debug dll|x64
		{E1098600-24D8-4FA1-A781-94FAB06E9940}.Debug dll|x86.ActiveCfg = Debug dll|Win32
		{E1098600-24D8-4FA1-A781-94FAB06E9940}.Debug dll|x86.Build.0 = Debug dll|Win32
		{E1098600-24D8-4FA1-A781-94FAB06E9940}.Debug lib|Win32.ActiveCfg = Debug lib|Win32
		{E1098600-24D8-4FA1-A781-94FAB06E9940}.Debug lib|Win32.Build.0 = Debug lib|Win32
		{E1098600-24D8-4FA1-A781-94FAB06E9940}.Debug lib|x64.ActiveCfg = Debug lib|x64
		{E1098600-24D8-4FA1-A781-94FAB06E9940}.Debug lib|x64.Build.0 = Debug lib|x64
		{E1098600-24D8-4FA1-A781-94FAB06E9940}.Debug lib|x86.ActiveCfg = Debug lib|Win32
		{E1098600-24D8-4FA1-A781-94FAB06E9940}.Debug lib|x86.Build.0 = Debug lib|Win32
		{E1098600-24D8-4FA1-A781-94FAB06E9940}.Release dll|Win32.ActiveCfg = Release dll|Win32
		{E1098600-24D8-4FA1-A781-94FAB06E9940}.Release dll|Win32.Build.0 = Release dll|Win32
		{E1098600-24D8-4FA1-A781-94FAB06E9940}.Release dll|x64.ActiveCfg = Release dll|x64
		{E1098600-24D8-4FA1-A781-94FAB06E9940}.Release dll|x64.Build.0 = Release dll|x64
		{E1098600-24D8-4FA1-A781-94FAB06E9940}.Release dll|x86.ActiveCfg = Release dll|Win32
		{E1098600-24D8-4FA1-A781-94FAB06E9940}.Release dll|x86.Build.0 = Release dll|Win32
		{E1098600-24D8-4FA1-A781-94FAB06E9940}.Release lib|Win32.ActiveCfg = Release lib|Win32
		{E1098600-24D8-4FA1-A781-94FAB06E9940}.Release lib|Win32.Build.0 = Release lib|Win32
		{E1098600-24D8-4FA1-A781-94FAB06E9940}.Release lib|x64.ActiveCfg = Release lib|x64
		{E1098600-24D8-4FA1-A781-94FAB06E9940}.Release lib|x64.Build.0 = Release lib|x64
		{E1098600-24D8-4FA1-A781-94FAB06E9940}.Release lib|x86.ActiveCfg = Release lib|Win32
		{E1098600-24D8-4FA1-A781-94FAB06E9940}.Release lib|x86.Build.0 = Release lib|Win32
		{6CD02F5B-7F94-4023-BFBC-335BAD3BE271}.Debug dll|Win32.ActiveCfg = Debug dll|Win32
		{6CD02F5B-7F94-4023-BFBC-335BAD3BE271}.Debug dll|Win32.Build.0 = Debug dll|Win32
		{6CD02F5B-7F94-4023-BFBC-335BAD3BE271}.Debug dll|x64.ActiveCfg = Debug dll|x64
		{6CD02F5B-7F94-4023-BFBC-335BAD3BE271}.Debug dll|x64.Build.0 = Debug dll|x64
		{6CD02F5B-7F94-4023-BFBC-335BAD3BE271}.Debug dll|x86.ActiveCfg = Debug dll|Win32
		{6CD02F5B-7F94-4023-BFBC-335BAD3BE271}.Debug dll|x86.Build.0 = Debug dll|Win32
		{6CD02F5B-7F94-4023-BFBC-335BAD3BE271}.Debug lib|Win32.ActiveCfg = Debug lib|Win32
		{6CD02F5B-7F94-4023-BFBC-335BAD3BE271}.Debug lib|Win32.Build.0 = Debug lib|Win32
		{6CD02F5B-7F94-4023-BFBC-335BAD3BE271}.Debug lib|x64.ActiveCfg = Debug lib|x64
		{6CD02F5B-7F94-4023-BFBC-335BAD3BE271}.Debug lib|x64.Build.0 = Debug lib|x64
		{6CD02F5B-7F94-4023-BFBC-335BAD3BE271}.Debug lib|x86.ActiveCfg = Debug lib|Win32
		{6CD02F5B-7F94-4023-BFBC-335BAD3BE271}.Debug lib|x86.Build.0 = Debug lib|Win32
		{6CD02F5B-7F94-4023-BFBC-335BAD3BE271}.Release dll|Win32.ActiveCfg = Release dll|Win32
		{6CD02F5B-7F94-4023-BFBC-335BAD3BE271}.Release dll|Win32.Build.0 = Release dll|Win32
		{6CD02F5B-7F94-4023-BFBC-335BAD3BE271}.Release dll|x64.ActiveCfg = Release dll|x64
		{6CD02F5B-7F94-4023-BFBC-335BAD3BE271}.Release dll|x64.Build.0 = Release dll|x64
		{6CD02F5B-7F94-4023-BFBC-335BAD3BE271}.Release dll|x86.ActiveCfg = Release dll|Win32
		{6CD02F5B-7F94-4023-BFBC-335BAD3BE271}.Release dll|x86.Build.0 = Release dll|Win32
		{6CD02F5B-7F94-4023-BFBC-335BAD3BE271}.Release lib|Win32.ActiveCfg = Release lib|Win32
		{6CD02F5B-7F94-4023-BFBC-335BAD3BE271}.Release lib|Win32.Build.0 = Release lib|Win32
		{6CD02F5B-7F94-4023-BFBC-335BAD3BE271}.Release lib|x64.ActiveCfg = Release lib|x64
		{6CD02F5B-7F94-4023-BFBC-335BAD3BE271}.Release lib|x64.Build.0 = Release lib|x64
		{6CD02F5B-7F94-4023-BFBC-335BAD3BE271}.Release lib|x86.ActiveCfg = Release lib|Win32
		{6CD02F5B-7F94-4023-BFBC-335BAD3BE271}.Release lib|x86.Build.0 = Release lib|Win32
		{F600D5F8-02DC-4232-A1DC-D95278E23FA0}.Debug dll|Win32.ActiveCfg = Debug dll|Win32
		{F600D5F8-02DC-4232-A1DC-D95278E23FA0}.Debug dll|Win32.Build.0 = Debug dll|Win32
		{F600D5F8-02DC-4232-A1DC-D95278E23FA0}.Debug dll|x64.ActiveCfg = Debug dll|x64
		{F600D5F8-02DC-4232-A1DC-D95278E23FA0}.Debug dll|x64.Build.0 = Debug dll|x64
		{F600D5F8-02DC-4232-A1DC-D95278E23FA0}.Debug dll|x86.ActiveCfg = Debug dll|Win32
		{F600D5F8-02DC-4232-A1DC-D95278E23FA0}.Debug dll|x86.Build.0 = Debug dll|Win32
		{F600D5F8-02DC-4232-A1DC-D95278E23FA0}.Debug lib|Win32.ActiveCfg = Debug lib|Win32
		{F600D5F8-02DC-4232-A1DC-D95278E23FA0}.Debug lib|Win32.Build.0 = Debug lib|Win32
		{F600D5F8-02DC-4232-A1DC-D95278E23FA0}.Debug lib|x64.ActiveCfg = Debug lib|x64
		{F600D5F8-02DC-4232-A1DC-D95278E23FA0}.Debug lib|x64.Build.0 = Debug lib|x64
		{F600D5F8-02DC-4232-A1DC-D95278E23FA0}.Debug lib|x86.ActiveCfg = Debug lib|Win32
		{F600D5F8-02DC-4232-A1DC-D95278E23FA0}.Debug lib|x86.Build.0 = Debug lib|Win32
		{F600D5F8-02DC-4232-A1DC-D95278E23FA0}.Release dll|Win32.ActiveCfg = Release dll|Win32
		{F600D5F8-02DC-4232-A1DC-D95278E23FA0}.Release dll|Win32.Build.0 = Release dll|Win32
		{F600D5F8-02DC-4232-A1DC-D95278E23FA0}.Release dll|x64.ActiveCfg = Release dll|x64
		{F600D5F8-02DC-4232-A1DC-D95278E23FA0}.Release dll|x64.Build.0 = Release dll|x64
		{F600D5F8-02DC-4232-A1DC-D95278E23FA0}.Release dll|x86.ActiveCfg = Release dll|Win32
		{F600D5F8-02DC-4232-A1DC-D95278E23FA0}.Release dll|x86.Build.0 = Release dll|Win32
		{F600D5F8-02DC-4232-A1DC-D95278E23FA0}.Release lib|Win32.ActiveCfg = Release lib|Win32
		{F600D5F8-02DC-4232-A1DC-D95278E23FA0}.Release lib|Win32.Build.0 = Release lib|Win32
		{F600D5F8-02DC-4232-A1DC-D95278E23FA0}.Release lib|x64.ActiveCfg = Release lib|x64
		{F600D5F8-02DC-4232-A1DC-D95278E23FA0}.Release lib|x64.Build.0 = Release lib|x64
		{F600D5F8-02DC-4232-A1DC-D95278E23FA0}.Release lib|x86.ActiveCfg = Release lib|Win32
		{F600D5F8-02DC-4232-A1DC-D95278E23FA0}.Release lib|x86.Build.0 = Release lib|Win32
	EndGlobalSection
	GlobalSection(SolutionProperties) = preSolution
		HideSolutionNode = FALSE
	EndGlobalSection
	GlobalSection(ExtensibilityGlobals) = postSolution
		SolutionGuid = {0ac6b06b-871b-4f99-ade1-7688030e5a69}
	EndGlobalSection
EndGlobal
